
Microsoft Visual Studio Solution File, Format Version 12.00
# Visual Studio Version 17
VisualStudioVersion = 17.8.34525.116
MinimumVisualStudioVersion = 10.0.40219.1
Project("{FAE04EC0-301F-11D3-BF4B-00C04F79EFBC}") = "RConsumer", "RConsumer.csproj", "{04E52E1E-D868-4385-846F-318B788B90EE}"
EndProject
Global
	GlobalSection(SolutionConfigurationPlatforms) = preSolution
		Debug|Any CPU = Debug|Any CPU
		Release|Any CPU = Release|Any CPU
	EndGlobalSection
	GlobalSection(ProjectConfigurationPlatforms) = postSolution
		{04E52E1E-D868-4385-846F-318B788B90EE}.Debug|Any CPU.ActiveCfg = Debug|Any CPU
		{04E52E1E-D868-4385-846F-318B788B90EE}.Debug|Any CPU.Build.0 = Debug|Any CPU
		{04E52E1E-D868-4385-846F-318B788B90EE}.Release|Any CPU.ActiveCfg = Release|Any CPU
		{04E52E1E-D868-4385-846F-318B788B90EE}.Release|Any CPU.Build.0 = Release|Any CPU
	EndGlobalSection
	GlobalSection(SolutionProperties) = preSolution
		HideSolutionNode = FALSE
	EndGlobalSection
	GlobalSection(ExtensibilityGlobals) = postSolution
		SolutionGuid = {4508A068-8F9F-433E-9BC2-FBA003EA1D00}
	EndGlobalSection
EndGlobal
